# THIS IS AN AUTOGENERATED FILE. DO NOT EDIT THIS FILE DIRECTLY.
# yarn lockfile v1


"@types/jasmine@3.4.0":
  version "3.4.0"
  resolved "https://registry.yarnpkg.com/@types/jasmine/-/jasmine-3.4.0.tgz#018c56db42400c092aae47de21f710b7f04e4b06"
  integrity sha512-6pUnBg6DuSB55xnxJ5+gW9JOkFrPsXkYAuqqEE8oyrpgDiPQ+TZ+1Zt4S+CHcRJcxyNYXeIXG4vHSzdF6y9Uvw==
